
Microsoft Visual Studio Solution File, Format Version 12.00
# Visual Studio 15
VisualStudioVersion = 15.0.28307.645
MinimumVisualStudioVersion = 10.0.40219.1
Project("{FAE04EC0-301F-11D3-BF4B-00C04F79EFBC}") = "SMUtils", "SMA-Utils\SMUtils.csproj", "{13A4A003-0925-4991-87BD-BBE81D0244CB}"
EndProject
Global
	GlobalSection(SolutionConfigurationPlatforms) = preSolution
		Debug|Any CPU = Debug|Any CPU
		Release|Any CPU = Release|Any CPU
	EndGlobalSection
	GlobalSection(ProjectConfigurationPlatforms) = postSolution
		{13A4A003-0925-4991-87BD-BBE81D0244CB}.Debug|Any CPU.ActiveCfg = Debug|Any CPU
		{13A4A003-0925-4991-87BD-BBE81D0244CB}.Debug|Any CPU.Build.0 = Debug|Any CPU
		{13A4A003-0925-4991-87BD-BBE81D0244CB}.Release|Any CPU.ActiveCfg = Release|Any CPU
		{13A4A003-0925-4991-87BD-BBE81D0244CB}.Release|Any CPU.Build.0 = Release|Any CPU
	EndGlobalSection
	GlobalSection(SolutionProperties) = preSolution
		HideSolutionNode = FALSE
	EndGlobalSection
	GlobalSection(ExtensibilityGlobals) = postSolution
		SolutionGuid = {8940439D-CCEE-4415-AC8E-787DC7A937C3}
	EndGlobalSection
EndGlobal
